
Microsoft Visual Studio Solution File, Format Version 12.00
# Visual Studio Version 17
VisualStudioVersion = 17.4.33122.133
MinimumVisualStudioVersion = 10.0.40219.1
Project("{FAE04EC0-301F-11D3-BF4B-00C04F79EFBC}") = "CM-BSOR", "CM-BSOR\CM-BSOR.csproj", "{98554C85-7F7E-459D-82A7-D0988B092B62}"
EndProject
Global
	GlobalSection(SolutionConfigurationPlatforms) = preSolution
		Debug|Any CPU = Debug|Any CPU
		Release|Any CPU = Release|Any CPU
	EndGlobalSection
	GlobalSection(ProjectConfigurationPlatforms) = postSolution
		{98554C85-7F7E-459D-82A7-D0988B092B62}.Debug|Any CPU.ActiveCfg = Debug|Any CPU
		{98554C85-7F7E-459D-82A7-D0988B092B62}.Debug|Any CPU.Build.0 = Debug|Any CPU
		{98554C85-7F7E-459D-82A7-D0988B092B62}.Release|Any CPU.ActiveCfg = Release|Any CPU
		{98554C85-7F7E-459D-82A7-D0988B092B62}.Release|Any CPU.Build.0 = Release|Any CPU
	EndGlobalSection
	GlobalSection(SolutionProperties) = preSolution
		HideSolutionNode = FALSE
	EndGlobalSection
	GlobalSection(ExtensibilityGlobals) = postSolution
		SolutionGuid = {EE1E36D8-D957-4C0E-85C8-D2D407AA2BAE}
	EndGlobalSection
EndGlobal
